
Microsoft Visual Studio Solution File, Format Version 12.00
# Visual Studio 15
VisualStudioVersion = 15.0.26430.14
MinimumVisualStudioVersion = 10.0.40219.1
Project("{FAE04EC0-301F-11D3-BF4B-00C04F79EFBC}") = "Geliada.DesktopApp", "Geliada.DesktopApp\Geliada.DesktopApp.csproj", "{43054792-9AE4-4033-8C87-FF1D389A4062}"
EndProject
Global
	GlobalSection(SolutionConfigurationPlatforms) = preSolution
		Debug|Any CPU = Debug|Any CPU
		Release|Any CPU = Release|Any CPU
	EndGlobalSection
	GlobalSection(ProjectConfigurationPlatforms) = postSolution
		{43054792-9AE4-4033-8C87-FF1D389A4062}.Debug|Any CPU.ActiveCfg = Debug|Any CPU
		{43054792-9AE4-4033-8C87-FF1D389A4062}.Debug|Any CPU.Build.0 = Debug|Any CPU
		{43054792-9AE4-4033-8C87-FF1D389A4062}.Release|Any CPU.ActiveCfg = Release|Any CPU
		{43054792-9AE4-4033-8C87-FF1D389A4062}.Release|Any CPU.Build.0 = Release|Any CPU
	EndGlobalSection
	GlobalSection(SolutionProperties) = preSolution
		HideSolutionNode = FALSE
	EndGlobalSection
EndGlobal
